
Microsoft Visual Studio Solution File, Format Version 12.00
# Visual Studio Version 16
VisualStudioVersion = 16.0.29728.190
MinimumVisualStudioVersion = 10.0.40219.1
Project("{FAE04EC0-301F-11D3-BF4B-00C04F79EFBC}") = "SudokuSolver", "SudokuSolver\SudokuSolver.csproj", "{9B42F4BB-1AA5-4815-B707-1276907F28FD}"
EndProject
Global
	GlobalSection(SolutionConfigurationPlatforms) = preSolution
		Debug|Any CPU = Debug|Any CPU
		Release|Any CPU = Release|Any CPU
	EndGlobalSection
	GlobalSection(ProjectConfigurationPlatforms) = postSolution
		{9B42F4BB-1AA5-4815-B707-1276907F28FD}.Debug|Any CPU.ActiveCfg = Debug|Any CPU
		{9B42F4BB-1AA5-4815-B707-1276907F28FD}.Debug|Any CPU.Build.0 = Debug|Any CPU
		{9B42F4BB-1AA5-4815-B707-1276907F28FD}.Release|Any CPU.ActiveCfg = Release|Any CPU
		{9B42F4BB-1AA5-4815-B707-1276907F28FD}.Release|Any CPU.Build.0 = Release|Any CPU
	EndGlobalSection
	GlobalSection(SolutionProperties) = preSolution
		HideSolutionNode = FALSE
	EndGlobalSection
	GlobalSection(ExtensibilityGlobals) = postSolution
		SolutionGuid = {2EC03466-949F-4399-8355-AE05989C826C}
	EndGlobalSection
EndGlobal
